{
  "version": 4,
  "terraform_version": "0.13.7",
  "serial": 13,
  "lineage": "4e3cae79-b57e-c6c6-1638-dd78da31f6f5",
  "outputs": {},
  "resources": [
    {
      "mode": "data",
      "type": "yandex_compute_image",
      "name": "crawler-ui",
      "provider": "provider[\"github.com/yandex-cloud/yandex\"]",
      "instances": [
        {
          "schema_version": 0,
          "attributes": {
            "created_at": "2022-05-01T14:56:44Z",
            "description": "Created by Packer",
            "family": "crawler-ui",
            "folder_id": "b1gvsmpo1q4gn0s3kcop",
            "id": "fd84m6ji3rfb9htnpmub",
            "image_id": "fd84m6ji3rfb9htnpmub",
            "labels": {},
            "min_disk_size": 10,
            "name": "crawler-ui",
            "os_type": "linux",
            "pooled": false,
            "product_ids": [
              "f2e5dohs344re7l57n0g"
            ],
            "size": 4,
            "status": "ready"
          }
        }
      ]
    },
    {
      "mode": "managed",
      "type": "yandex_compute_instance",
      "name": "app",
      "provider": "provider[\"github.com/yandex-cloud/yandex\"]",
      "instances": [
        {
          "schema_version": 1,
          "attributes": {
            "allow_recreate": null,
            "allow_stopping_for_update": null,
            "boot_disk": [
              {
                "auto_delete": true,
                "device_name": "fhm987gpatp2ne86oqt7",
                "disk_id": "fhm987gpatp2ne86oqt7",
                "initialize_params": [
                  {
                    "block_size": 4096,
                    "description": "",
                    "image_id": "fd84m6ji3rfb9htnpmub",
                    "name": "",
                    "size": 10,
                    "snapshot_id": "",
                    "type": "network-hdd"
                  }
                ],
                "mode": "READ_WRITE"
              }
            ],
            "created_at": "2022-05-01T14:57:32Z",
            "description": "",
            "folder_id": "b1gvsmpo1q4gn0s3kcop",
            "fqdn": "crawler-ui.ru-central1.internal",
            "hostname": "crawler-ui",
            "id": "fhmab8urv79r6lc7lotq",
            "labels": null,
            "metadata": {
              "foo": "bar",
              "ssh-keys": "ubuntu:ssh-rsa AAAAB3NzaC1yc2EAAAADAQABAAABgQCtjoKzU2Xq00MR0wmaC2d8yQv8aLoZecvTgMejNH6pIXqsT6cnGfzMtAMA1vhFYYkM4NDNyoLw4+exUg6twT2ucOobXeRxAo59CWRqVlalTsNaoMVYF5vwVjF/h6cbA/qMYTUZBlCYeSZ1aN+Lo6sXHv8RnuAKQHLCjLUPlaXnw6Rff/JiZ0a9j3D/lkKvexChfYeNFDTR3n4PPpRsStc84ePBj6WtzNVa26ZsXTkHbBJAjXWve1yn7TYAyRFsvesGGwYXM117rItb/2CGuIZfN/OIotCoEVSEjyPq2JR0ZJaOtEWNQCFy0Q1zFQhaRIZ1jBogKJ0L/h2c5YgR3i/TfO6ZUJR5jjfgSMmQkcB7IE3Wah8K1ot0ffaT23CgoI7WC7l1V/7s+DM24CkqviK7008LdVCuaWmu4nRV3uvN6f2yzg51BU2ww6SnoXUyELv1g/qGoEDqRxtj+Fnrv0raHZ6ENInR6ksmROBO5JE5NvPSQO7R1y9sa75Kk5vQ3qc= root@united\n"
            },
            "name": "crawler-ui",
            "network_acceleration_type": "standard",
            "network_interface": [
              {
                "dns_record": [],
                "index": 0,
                "ip_address": "10.128.0.27",
                "ipv4": true,
                "ipv6": false,
                "ipv6_address": "",
                "ipv6_dns_record": [],
                "mac_address": "d0:0d:a5:a3:db:f9",
                "nat": true,
                "nat_dns_record": [],
                "nat_ip_address": "51.250.1.244",
                "nat_ip_version": "IPV4",
                "security_group_ids": [],
                "subnet_id": "e9bjp0kgahkto1r6a191"
              }
            ],
            "placement_policy": [
              {
                "host_affinity_rules": [],
                "placement_group_id": ""
              }
            ],
            "platform_id": "standard-v1",
            "resources": [
              {
                "core_fraction": 100,
                "cores": 2,
                "gpus": 0,
                "memory": 4
              }
            ],
            "scheduling_policy": [
              {
                "preemptible": false
              }
            ],
            "secondary_disk": [],
            "service_account_id": "",
            "status": "running",
            "timeouts": null,
            "zone": "ru-central1-a"
          },
          "private": "eyJlMmJmYjczMC1lY2FhLTExZTYtOGY4OC0zNDM2M2JjN2M0YzAiOnsiY3JlYXRlIjozMDAwMDAwMDAwMDAsImRlbGV0ZSI6MzAwMDAwMDAwMDAwLCJ1cGRhdGUiOjMwMDAwMDAwMDAwMH0sInNjaGVtYV92ZXJzaW9uIjoiMSJ9",
          "dependencies": [
            "data.yandex_compute_image.crawler-ui"
          ]
        }
      ]
    }
  ]
}
